<?xml version="1.0" encoding="utf-8"?>
<Project ToolsVersion="14.0" xmlns="http://schemas.microsoft.com/developer/msbuild/2003">
  <ItemGroup>
    <Filter Include="Resources">
      <UniqueIdentifier>ce656ee3-c7bf-4094-b809-31a0aca1b5ed</UniqueIdentifier>
      <Extensions>rc;ico;cur;bmp;dlg;rc2;rct;bin;rgs;gif;jpg;jpeg;jpe;resx;tga;tiff;tif;png;wav;mfcribbon-ms</Extensions>
    </Filter>
  </ItemGroup>
  <ItemGroup>
    <ClCompile Include="pch.cpp" />
    <ClCompile Include="ChakraHost.cpp" />
    <ClCompile Include="JSRTNativeExecutor.cpp" />
    <ClCompile Include="asprintf.cpp" />
    <ClCompile Include="JsStringify.cpp" />
  </ItemGroup>
  <ItemGroup>
    <ClInclude Include="pch.h" />
    <ClInclude Include="ChakraHost.h" />
    <ClInclude Include="ChakraStringResult.h" />
    <ClInclude Include="JSRTNativeExecutor.h" />
    <ClInclude Include="asprintf.h" />
    <ClInclude Include="JsStringify.h" />
    <ClInclude Include="SerializedSourceContext.h" />
  </ItemGroup>
</Project>